// !$*UTF8*$!
{
	archiveVersion = 1;
	classes = {
	};
	objectVersion = 48;
	objects = {

/* Begin PBXBuildFile section */
		1D1021C2222301050008E3B7 /* NetworkManagerProtocol.swift in Sources */ = {isa = PBXBuildFile; fileRef = 1D1021C1222301050008E3B7 /* NetworkManagerProtocol.swift */; };
		1D1021C42223058D0008E3B7 /* ClientsCountEntity.swift in Sources */ = {isa = PBXBuildFile; fileRef = 1D1021C32223058D0008E3B7 /* ClientsCountEntity.swift */; };
		1D1021C82223076D0008E3B7 /* ApiEnvironment.swift in Sources */ = {isa = PBXBuildFile; fileRef = 1D1021C72223076D0008E3B7 /* ApiEnvironment.swift */; };
		1D1021CA222309110008E3B7 /* InformationModel.swift in Sources */ = {isa = PBXBuildFile; fileRef = 1D1021C9222309110008E3B7 /* InformationModel.swift */; };
		1D613612222319A70057068A /* CampusEntity.swift in Sources */ = {isa = PBXBuildFile; fileRef = 1D613611222319A70057068A /* CampusEntity.swift */; };
		1DC5D7C72222AFE00015530F /* AppDelegate.swift in Sources */ = {isa = PBXBuildFile; fileRef = 1DC5D7C62222AFE00015530F /* AppDelegate.swift */; };
		1DC5D7C92222AFE00015530F /* InformationViewController.swift in Sources */ = {isa = PBXBuildFile; fileRef = 1DC5D7C82222AFE00015530F /* InformationViewController.swift */; };
		1DC5D7CC2222AFE00015530F /* Main.storyboard in Resources */ = {isa = PBXBuildFile; fileRef = 1DC5D7CA2222AFE00015530F /* Main.storyboard */; };
		1DC5D7CE2222AFE00015530F /* Assets.xcassets in Resources */ = {isa = PBXBuildFile; fileRef = 1DC5D7CD2222AFE00015530F /* Assets.xcassets */; };
		1DC5D7D12222AFE00015530F /* LaunchScreen.storyboard in Resources */ = {isa = PBXBuildFile; fileRef = 1DC5D7CF2222AFE00015530F /* LaunchScreen.storyboard */; };
		1DC5D7DA2222BC220015530F /* NetworkService.swift in Sources */ = {isa = PBXBuildFile; fileRef = 1DC5D7D92222BC220015530F /* NetworkService.swift */; };
		1DC5D7DD2222BDAF0015530F /* ApplicationConstants.swift in Sources */ = {isa = PBXBuildFile; fileRef = 1DC5D7DC2222BDAF0015530F /* ApplicationConstants.swift */; };
		1DC5D7E02222CE260015530F /* SitesEntity.swift in Sources */ = {isa = PBXBuildFile; fileRef = 1DC5D7DF2222CE260015530F /* SitesEntity.swift */; };
		1DC5D7E32222CE620015530F /* UserDefaultsService.swift in Sources */ = {isa = PBXBuildFile; fileRef = 1DC5D7E22222CE620015530F /* UserDefaultsService.swift */; };
		1DC5D7E52222D0AA0015530F /* CCMNApi.swift in Sources */ = {isa = PBXBuildFile; fileRef = 1DC5D7E42222D0AA0015530F /* CCMNApi.swift */; };
		40417388863F6491D27B6DF8 /* Pods_CCMN.framework in Frameworks */ = {isa = PBXBuildFile; fileRef = D3E5D2654C1199F6BCC8A832 /* Pods_CCMN.framework */; };
/* End PBXBuildFile section */

/* Begin PBXFileReference section */
		1D1021C1222301050008E3B7 /* NetworkManagerProtocol.swift */ = {isa = PBXFileReference; lastKnownFileType = sourcecode.swift; path = NetworkManagerProtocol.swift; sourceTree = "<group>"; };
		1D1021C32223058D0008E3B7 /* ClientsCountEntity.swift */ = {isa = PBXFileReference; lastKnownFileType = sourcecode.swift; path = ClientsCountEntity.swift; sourceTree = "<group>"; };
		1D1021C72223076D0008E3B7 /* ApiEnvironment.swift */ = {isa = PBXFileReference; lastKnownFileType = sourcecode.swift; path = ApiEnvironment.swift; sourceTree = "<group>"; };
		1D1021C9222309110008E3B7 /* InformationModel.swift */ = {isa = PBXFileReference; lastKnownFileType = sourcecode.swift; path = InformationModel.swift; sourceTree = "<group>"; };
		1D613611222319A70057068A /* CampusEntity.swift */ = {isa = PBXFileReference; lastKnownFileType = sourcecode.swift; path = CampusEntity.swift; sourceTree = "<group>"; };
		1DC5D7C32222AFE00015530F /* CCMN.app */ = {isa = PBXFileReference; explicitFileType = wrapper.application; includeInIndex = 0; path = CCMN.app; sourceTree = BUILT_PRODUCTS_DIR; };
		1DC5D7C62222AFE00015530F /* AppDelegate.swift */ = {isa = PBXFileReference; lastKnownFileType = sourcecode.swift; path = AppDelegate.swift; sourceTree = "<group>"; };
		1DC5D7C82222AFE00015530F /* InformationViewController.swift */ = {isa = PBXFileReference; lastKnownFileType = sourcecode.swift; path = InformationViewController.swift; sourceTree = "<group>"; };
		1DC5D7CB2222AFE00015530F /* Base */ = {isa = PBXFileReference; lastKnownFileType = file.storyboard; name = Base; path = Base.lproj/Main.storyboard; sourceTree = "<group>"; };
		1DC5D7CD2222AFE00015530F /* Assets.xcassets */ = {isa = PBXFileReference; lastKnownFileType = folder.assetcatalog; path = Assets.xcassets; sourceTree = "<group>"; };
		1DC5D7D02222AFE00015530F /* Base */ = {isa = PBXFileReference; lastKnownFileType = file.storyboard; name = Base; path = Base.lproj/LaunchScreen.storyboard; sourceTree = "<group>"; };
		1DC5D7D22222AFE00015530F /* Info.plist */ = {isa = PBXFileReference; lastKnownFileType = text.plist.xml; path = Info.plist; sourceTree = "<group>"; };
		1DC5D7D92222BC220015530F /* NetworkService.swift */ = {isa = PBXFileReference; lastKnownFileType = sourcecode.swift; path = NetworkService.swift; sourceTree = "<group>"; };
		1DC5D7DC2222BDAF0015530F /* ApplicationConstants.swift */ = {isa = PBXFileReference; lastKnownFileType = sourcecode.swift; path = ApplicationConstants.swift; sourceTree = "<group>"; };
		1DC5D7DF2222CE260015530F /* SitesEntity.swift */ = {isa = PBXFileReference; lastKnownFileType = sourcecode.swift; path = SitesEntity.swift; sourceTree = "<group>"; };
		1DC5D7E22222CE620015530F /* UserDefaultsService.swift */ = {isa = PBXFileReference; lastKnownFileType = sourcecode.swift; path = UserDefaultsService.swift; sourceTree = "<group>"; };
		1DC5D7E42222D0AA0015530F /* CCMNApi.swift */ = {isa = PBXFileReference; lastKnownFileType = sourcecode.swift; path = CCMNApi.swift; sourceTree = "<group>"; };
		2B27B75E49991F74544E4B2F /* Pods-CCMN.debug.xcconfig */ = {isa = PBXFileReference; includeInIndex = 1; lastKnownFileType = text.xcconfig; name = "Pods-CCMN.debug.xcconfig"; path = "Pods/Target Support Files/Pods-CCMN/Pods-CCMN.debug.xcconfig"; sourceTree = "<group>"; };
		561ADB571E8F688689EA0C45 /* Pods-CCMN.release.xcconfig */ = {isa = PBXFileReference; includeInIndex = 1; lastKnownFileType = text.xcconfig; name = "Pods-CCMN.release.xcconfig"; path = "Pods/Target Support Files/Pods-CCMN/Pods-CCMN.release.xcconfig"; sourceTree = "<group>"; };
		D3E5D2654C1199F6BCC8A832 /* Pods_CCMN.framework */ = {isa = PBXFileReference; explicitFileType = wrapper.framework; includeInIndex = 0; path = Pods_CCMN.framework; sourceTree = BUILT_PRODUCTS_DIR; };
/* End PBXFileReference section */

/* Begin PBXFrameworksBuildPhase section */
		1DC5D7C02222AFE00015530F /* Frameworks */ = {
			isa = PBXFrameworksBuildPhase;
			buildActionMask = 2147483647;
			files = (
				40417388863F6491D27B6DF8 /* Pods_CCMN.framework in Frameworks */,
			);
			runOnlyForDeploymentPostprocessing = 0;
		};
/* End PBXFrameworksBuildPhase section */

/* Begin PBXGroup section */
		1D1021C0222300CF0008E3B7 /* Protocols */ = {
			isa = PBXGroup;
			children = (
				1D1021C1222301050008E3B7 /* NetworkManagerProtocol.swift */,
			);
			path = Protocols;
			sourceTree = "<group>";
		};
		1D1021C5222306830008E3B7 /* Application Logic */ = {
			isa = PBXGroup;
			children = (
				1DC5D7DC2222BDAF0015530F /* ApplicationConstants.swift */,
				1D1021C9222309110008E3B7 /* InformationModel.swift */,
				1DC5D7C82222AFE00015530F /* InformationViewController.swift */,
				1DC5D7CA2222AFE00015530F /* Main.storyboard */,
			);
			path = "Application Logic";
			sourceTree = "<group>";
		};
		1D1021C62223068B0008E3B7 /* Business Logic */ = {
			isa = PBXGroup;
			children = (
				1DC5D7DE2222CDA50015530F /* Models */,
				1DC5D7E12222CE490015530F /* Services */,
				1D1021C0222300CF0008E3B7 /* Protocols */,
			);
			path = "Business Logic";
			sourceTree = "<group>";
		};
		1DC5D7BA2222AFE00015530F = {
			isa = PBXGroup;
			children = (
				1DC5D7C52222AFE00015530F /* CCMN */,
				1DC5D7C42222AFE00015530F /* Products */,
				688878181F4D0CAABD24196E /* Pods */,
				F13553150D9E01DA47EF8409 /* Frameworks */,
			);
			sourceTree = "<group>";
		};
		1DC5D7C42222AFE00015530F /* Products */ = {
			isa = PBXGroup;
			children = (
				1DC5D7C32222AFE00015530F /* CCMN.app */,
			);
			name = Products;
			sourceTree = "<group>";
		};
		1DC5D7C52222AFE00015530F /* CCMN */ = {
			isa = PBXGroup;
			children = (
				1DC5D7C62222AFE00015530F /* AppDelegate.swift */,
				1D1021C62223068B0008E3B7 /* Business Logic */,
				1D1021C5222306830008E3B7 /* Application Logic */,
				1DC5D7DB2222BD060015530F /* Supporting Files */,
			);
			path = CCMN;
			sourceTree = "<group>";
		};
		1DC5D7D82222BB9D0015530F /* Network */ = {
			isa = PBXGroup;
			children = (
				1DC5D7D92222BC220015530F /* NetworkService.swift */,
				1DC5D7E42222D0AA0015530F /* CCMNApi.swift */,
				1D1021C72223076D0008E3B7 /* ApiEnvironment.swift */,
			);
			path = Network;
			sourceTree = "<group>";
		};
		1DC5D7DB2222BD060015530F /* Supporting Files */ = {
			isa = PBXGroup;
			children = (
				1DC5D7CD2222AFE00015530F /* Assets.xcassets */,
				1DC5D7CF2222AFE00015530F /* LaunchScreen.storyboard */,
				1DC5D7D22222AFE00015530F /* Info.plist */,
			);
			path = "Supporting Files";
			sourceTree = "<group>";
		};
		1DC5D7DE2222CDA50015530F /* Models */ = {
			isa = PBXGroup;
			children = (
				1DC5D7DF2222CE260015530F /* SitesEntity.swift */,
				1D1021C32223058D0008E3B7 /* ClientsCountEntity.swift */,
				1D613611222319A70057068A /* CampusEntity.swift */,
			);
			path = Models;
			sourceTree = "<group>";
		};
		1DC5D7E12222CE490015530F /* Services */ = {
			isa = PBXGroup;
			children = (
				1DC5D7E22222CE620015530F /* UserDefaultsService.swift */,
				1DC5D7D82222BB9D0015530F /* Network */,
			);
			path = Services;
			sourceTree = "<group>";
		};
		688878181F4D0CAABD24196E /* Pods */ = {
			isa = PBXGroup;
			children = (
				2B27B75E49991F74544E4B2F /* Pods-CCMN.debug.xcconfig */,
				561ADB571E8F688689EA0C45 /* Pods-CCMN.release.xcconfig */,
			);
			name = Pods;
			sourceTree = "<group>";
		};
		F13553150D9E01DA47EF8409 /* Frameworks */ = {
			isa = PBXGroup;
			children = (
				D3E5D2654C1199F6BCC8A832 /* Pods_CCMN.framework */,
			);
			name = Frameworks;
			sourceTree = "<group>";
		};
/* End PBXGroup section */

/* Begin PBXNativeTarget section */
		1DC5D7C22222AFE00015530F /* CCMN */ = {
			isa = PBXNativeTarget;
			buildConfigurationList = 1DC5D7D52222AFE00015530F /* Build configuration list for PBXNativeTarget "CCMN" */;
			buildPhases = (
				CADAB78EDD6F495CCDC2A74E /* [CP] Check Pods Manifest.lock */,
				1DC5D7BF2222AFE00015530F /* Sources */,
				1DC5D7C02222AFE00015530F /* Frameworks */,
				1DC5D7C12222AFE00015530F /* Resources */,
				6772B1608397025873942BAB /* [CP] Embed Pods Frameworks */,
			);
			buildRules = (
			);
			dependencies = (
			);
			name = CCMN;
			productName = CCMN;
			productReference = 1DC5D7C32222AFE00015530F /* CCMN.app */;
			productType = "com.apple.product-type.application";
		};
/* End PBXNativeTarget section */

/* Begin PBXProject section */
		1DC5D7BB2222AFE00015530F /* Project object */ = {
			isa = PBXProject;
			attributes = {
				LastSwiftUpdateCheck = 0920;
				LastUpgradeCheck = 0920;
				ORGANIZATIONNAME = unit;
				TargetAttributes = {
					1DC5D7C22222AFE00015530F = {
						CreatedOnToolsVersion = 9.2;
						ProvisioningStyle = Automatic;
					};
				};
			};
			buildConfigurationList = 1DC5D7BE2222AFE00015530F /* Build configuration list for PBXProject "CCMN" */;
			compatibilityVersion = "Xcode 8.0";
			developmentRegion = en;
			hasScannedForEncodings = 0;
			knownRegions = (
				en,
				Base,
			);
			mainGroup = 1DC5D7BA2222AFE00015530F;
			productRefGroup = 1DC5D7C42222AFE00015530F /* Products */;
			projectDirPath = "";
			projectRoot = "";
			targets = (
				1DC5D7C22222AFE00015530F /* CCMN */,
			);
		};
/* End PBXProject section */

/* Begin PBXResourcesBuildPhase section */
		1DC5D7C12222AFE00015530F /* Resources */ = {
			isa = PBXResourcesBuildPhase;
			buildActionMask = 2147483647;
			files = (
				1DC5D7D12222AFE00015530F /* LaunchScreen.storyboard in Resources */,
				1DC5D7CE2222AFE00015530F /* Assets.xcassets in Resources */,
				1DC5D7CC2222AFE00015530F /* Main.storyboard in Resources */,
			);
			runOnlyForDeploymentPostprocessing = 0;
		};
/* End PBXResourcesBuildPhase section */

/* Begin PBXShellScriptBuildPhase section */
		6772B1608397025873942BAB /* [CP] Embed Pods Frameworks */ = {
			isa = PBXShellScriptBuildPhase;
			buildActionMask = 2147483647;
			files = (
			);
			inputPaths = (
				"${SRCROOT}/Pods/Target Support Files/Pods-CCMN/Pods-CCMN-frameworks.sh",
				"${BUILT_PRODUCTS_DIR}/Alamofire/Alamofire.framework",
				"${BUILT_PRODUCTS_DIR}/Moya/Moya.framework",
				"${BUILT_PRODUCTS_DIR}/Result/Result.framework",
			);
			name = "[CP] Embed Pods Frameworks";
			outputPaths = (
				"${TARGET_BUILD_DIR}/${FRAMEWORKS_FOLDER_PATH}/Alamofire.framework",
				"${TARGET_BUILD_DIR}/${FRAMEWORKS_FOLDER_PATH}/Moya.framework",
				"${TARGET_BUILD_DIR}/${FRAMEWORKS_FOLDER_PATH}/Result.framework",
			);
			runOnlyForDeploymentPostprocessing = 0;
			shellPath = /bin/sh;
			shellScript = "\"${SRCROOT}/Pods/Target Support Files/Pods-CCMN/Pods-CCMN-frameworks.sh\"\n";
			showEnvVarsInLog = 0;
		};
		CADAB78EDD6F495CCDC2A74E /* [CP] Check Pods Manifest.lock */ = {
			isa = PBXShellScriptBuildPhase;
			buildActionMask = 2147483647;
			files = (
			);
			inputPaths = (
				"${PODS_PODFILE_DIR_PATH}/Podfile.lock",
				"${PODS_ROOT}/Manifest.lock",
			);
			name = "[CP] Check Pods Manifest.lock";
			outputPaths = (
				"$(DERIVED_FILE_DIR)/Pods-CCMN-checkManifestLockResult.txt",
			);
			runOnlyForDeploymentPostprocessing = 0;
			shellPath = /bin/sh;
			shellScript = "diff \"${PODS_PODFILE_DIR_PATH}/Podfile.lock\" \"${PODS_ROOT}/Manifest.lock\" > /dev/null\nif [ $? != 0 ] ; then\n    # print error to STDERR\n    echo \"error: The sandbox is not in sync with the Podfile.lock. Run 'pod install' or update your CocoaPods installation.\" >&2\n    exit 1\nfi\n# This output is used by Xcode 'outputs' to avoid re-running this script phase.\necho \"SUCCESS\" > \"${SCRIPT_OUTPUT_FILE_0}\"\n";
			showEnvVarsInLog = 0;
		};
/* End PBXShellScriptBuildPhase section */

/* Begin PBXSourcesBuildPhase section */
		1DC5D7BF2222AFE00015530F /* Sources */ = {
			isa = PBXSourcesBuildPhase;
			buildActionMask = 2147483647;
			files = (
				1D1021C82223076D0008E3B7 /* ApiEnvironment.swift in Sources */,
				1D1021CA222309110008E3B7 /* InformationModel.swift in Sources */,
				1DC5D7C92222AFE00015530F /* InformationViewController.swift in Sources */,
				1DC5D7DA2222BC220015530F /* NetworkService.swift in Sources */,
				1DC5D7E32222CE620015530F /* UserDefaultsService.swift in Sources */,
				1DC5D7E02222CE260015530F /* SitesEntity.swift in Sources */,
				1D1021C2222301050008E3B7 /* NetworkManagerProtocol.swift in Sources */,
				1D1021C42223058D0008E3B7 /* ClientsCountEntity.swift in Sources */,
				1DC5D7DD2222BDAF0015530F /* ApplicationConstants.swift in Sources */,
				1DC5D7C72222AFE00015530F /* AppDelegate.swift in Sources */,
				1DC5D7E52222D0AA0015530F /* CCMNApi.swift in Sources */,
				1D613612222319A70057068A /* CampusEntity.swift in Sources */,
			);
			runOnlyForDeploymentPostprocessing = 0;
		};
/* End PBXSourcesBuildPhase section */

/* Begin PBXVariantGroup section */
		1DC5D7CA2222AFE00015530F /* Main.storyboard */ = {
			isa = PBXVariantGroup;
			children = (
				1DC5D7CB2222AFE00015530F /* Base */,
			);
			name = Main.storyboard;
			sourceTree = "<group>";
		};
		1DC5D7CF2222AFE00015530F /* LaunchScreen.storyboard */ = {
			isa = PBXVariantGroup;
			children = (
				1DC5D7D02222AFE00015530F /* Base */,
			);
			name = LaunchScreen.storyboard;
			sourceTree = "<group>";
		};
/* End PBXVariantGroup section */

/* Begin XCBuildConfiguration section */
		1DC5D7D32222AFE00015530F /* Debug */ = {
			isa = XCBuildConfiguration;
			buildSettings = {
				ALWAYS_SEARCH_USER_PATHS = NO;
				CLANG_ANALYZER_NONNULL = YES;
				CLANG_ANALYZER_NUMBER_OBJECT_CONVERSION = YES_AGGRESSIVE;
				CLANG_CXX_LANGUAGE_STANDARD = "gnu++14";
				CLANG_CXX_LIBRARY = "libc++";
				CLANG_ENABLE_MODULES = YES;
				CLANG_ENABLE_OBJC_ARC = YES;
				CLANG_WARN_BLOCK_CAPTURE_AUTORELEASING = YES;
				CLANG_WARN_BOOL_CONVERSION = YES;
				CLANG_WARN_COMMA = YES;
				CLANG_WARN_CONSTANT_CONVERSION = YES;
				CLANG_WARN_DIRECT_OBJC_ISA_USAGE = YES_ERROR;
				CLANG_WARN_DOCUMENTATION_COMMENTS = YES;
				CLANG_WARN_EMPTY_BODY = YES;
				CLANG_WARN_ENUM_CONVERSION = YES;
				CLANG_WARN_INFINITE_RECURSION = YES;
				CLANG_WARN_INT_CONVERSION = YES;
				CLANG_WARN_NON_LITERAL_NULL_CONVERSION = YES;
				CLANG_WARN_OBJC_LITERAL_CONVERSION = YES;
				CLANG_WARN_OBJC_ROOT_CLASS = YES_ERROR;
				CLANG_WARN_RANGE_LOOP_ANALYSIS = YES;
				CLANG_WARN_STRICT_PROTOTYPES = YES;
				CLANG_WARN_SUSPICIOUS_MOVE = YES;
				CLANG_WARN_UNGUARDED_AVAILABILITY = YES_AGGRESSIVE;
				CLANG_WARN_UNREACHABLE_CODE = YES;
				CLANG_WARN__DUPLICATE_METHOD_MATCH = YES;
				CODE_SIGN_IDENTITY = "iPhone Developer";
				COPY_PHASE_STRIP = NO;
				DEBUG_INFORMATION_FORMAT = dwarf;
				ENABLE_STRICT_OBJC_MSGSEND = YES;
				ENABLE_TESTABILITY = YES;
				GCC_C_LANGUAGE_STANDARD = gnu11;
				GCC_DYNAMIC_NO_PIC = NO;
				GCC_NO_COMMON_BLOCKS = YES;
				GCC_OPTIMIZATION_LEVEL = 0;
				GCC_PREPROCESSOR_DEFINITIONS = (
					"DEBUG=1",
					"$(inherited)",
				);
				GCC_WARN_64_TO_32_BIT_CONVERSION = YES;
				GCC_WARN_ABOUT_RETURN_TYPE = YES_ERROR;
				GCC_WARN_UNDECLARED_SELECTOR = YES;
				GCC_WARN_UNINITIALIZED_AUTOS = YES_AGGRESSIVE;
				GCC_WARN_UNUSED_FUNCTION = YES;
				GCC_WARN_UNUSED_VARIABLE = YES;
				IPHONEOS_DEPLOYMENT_TARGET = 11.0;
				MTL_ENABLE_DEBUG_INFO = YES;
				ONLY_ACTIVE_ARCH = YES;
				SDKROOT = iphoneos;
				SWIFT_ACTIVE_COMPILATION_CONDITIONS = DEBUG;
				SWIFT_OPTIMIZATION_LEVEL = "-Onone";
			};
			name = Debug;
		};
		1DC5D7D42222AFE00015530F /* Release */ = {
			isa = XCBuildConfiguration;
			buildSettings = {
				ALWAYS_SEARCH_USER_PATHS = NO;
				CLANG_ANALYZER_NONNULL = YES;
				CLANG_ANALYZER_NUMBER_OBJECT_CONVERSION = YES_AGGRESSIVE;
				CLANG_CXX_LANGUAGE_STANDARD = "gnu++14";
				CLANG_CXX_LIBRARY = "libc++";
				CLANG_ENABLE_MODULES = YES;
				CLANG_ENABLE_OBJC_ARC = YES;
				CLANG_WARN_BLOCK_CAPTURE_AUTORELEASING = YES;
				CLANG_WARN_BOOL_CONVERSION = YES;
				CLANG_WARN_COMMA = YES;
				CLANG_WARN_CONSTANT_CONVERSION = YES;
				CLANG_WARN_DIRECT_OBJC_ISA_USAGE = YES_ERROR;
				CLANG_WARN_DOCUMENTATION_COMMENTS = YES;
				CLANG_WARN_EMPTY_BODY = YES;
				CLANG_WARN_ENUM_CONVERSION = YES;
				CLANG_WARN_INFINITE_RECURSION = YES;
				CLANG_WARN_INT_CONVERSION = YES;
				CLANG_WARN_NON_LITERAL_NULL_CONVERSION = YES;
				CLANG_WARN_OBJC_LITERAL_CONVERSION = YES;
				CLANG_WARN_OBJC_ROOT_CLASS = YES_ERROR;
				CLANG_WARN_RANGE_LOOP_ANALYSIS = YES;
				CLANG_WARN_STRICT_PROTOTYPES = YES;
				CLANG_WARN_SUSPICIOUS_MOVE = YES;
				CLANG_WARN_UNGUARDED_AVAILABILITY = YES_AGGRESSIVE;
				CLANG_WARN_UNREACHABLE_CODE = YES;
				CLANG_WARN__DUPLICATE_METHOD_MATCH = YES;
				CODE_SIGN_IDENTITY = "iPhone Developer";
				COPY_PHASE_STRIP = NO;
				DEBUG_INFORMATION_FORMAT = "dwarf-with-dsym";
				ENABLE_NS_ASSERTIONS = NO;
				ENABLE_STRICT_OBJC_MSGSEND = YES;
				GCC_C_LANGUAGE_STANDARD = gnu11;
				GCC_NO_COMMON_BLOCKS = YES;
				GCC_WARN_64_TO_32_BIT_CONVERSION = YES;
				GCC_WARN_ABOUT_RETURN_TYPE = YES_ERROR;
				GCC_WARN_UNDECLARED_SELECTOR = YES;
				GCC_WARN_UNINITIALIZED_AUTOS = YES_AGGRESSIVE;
				GCC_WARN_UNUSED_FUNCTION = YES;
				GCC_WARN_UNUSED_VARIABLE = YES;
				IPHONEOS_DEPLOYMENT_TARGET = 11.0;
				MTL_ENABLE_DEBUG_INFO = NO;
				SDKROOT = iphoneos;
				SWIFT_OPTIMIZATION_LEVEL = "-Owholemodule";
				VALIDATE_PRODUCT = YES;
			};
			name = Release;
		};
		1DC5D7D62222AFE00015530F /* Debug */ = {
			isa = XCBuildConfiguration;
			baseConfigurationReference = 2B27B75E49991F74544E4B2F /* Pods-CCMN.debug.xcconfig */;
			buildSettings = {
				ASSETCATALOG_COMPILER_APPICON_NAME = AppIcon;
				CODE_SIGN_STYLE = Automatic;
				DEVELOPMENT_TEAM = ZNA2424JBU;
				INFOPLIST_FILE = "$(SRCROOT)/CCMN/Supporting Files/Info.plist";
				LD_RUNPATH_SEARCH_PATHS = "$(inherited) @executable_path/Frameworks";
				PRODUCT_BUNDLE_IDENTIFIER = unitfactory.CCMN;
				PRODUCT_NAME = "$(TARGET_NAME)";
				SWIFT_VERSION = 4.0;
				TARGETED_DEVICE_FAMILY = 2;
			};
			name = Debug;
		};
		1DC5D7D72222AFE00015530F /* Release */ = {
			isa = XCBuildConfiguration;
			baseConfigurationReference = 561ADB571E8F688689EA0C45 /* Pods-CCMN.release.xcconfig */;
			buildSettings = {
				ASSETCATALOG_COMPILER_APPICON_NAME = AppIcon;
				CODE_SIGN_STYLE = Automatic;
				DEVELOPMENT_TEAM = ZNA2424JBU;
				INFOPLIST_FILE = "$(SRCROOT)/CCMN/Supporting Files/Info.plist";
				LD_RUNPATH_SEARCH_PATHS = "$(inherited) @executable_path/Frameworks";
				PRODUCT_BUNDLE_IDENTIFIER = unitfactory.CCMN;
				PRODUCT_NAME = "$(TARGET_NAME)";
				SWIFT_VERSION = 4.0;
				TARGETED_DEVICE_FAMILY = 2;
			};
			name = Release;
		};
/* End XCBuildConfiguration section */

/* Begin XCConfigurationList section */
		1DC5D7BE2222AFE00015530F /* Build configuration list for PBXProject "CCMN" */ = {
			isa = XCConfigurationList;
			buildConfigurations = (
				1DC5D7D32222AFE00015530F /* Debug */,
				1DC5D7D42222AFE00015530F /* Release */,
			);
			defaultConfigurationIsVisible = 0;
			defaultConfigurationName = Release;
		};
		1DC5D7D52222AFE00015530F /* Build configuration list for PBXNativeTarget "CCMN" */ = {
			isa = XCConfigurationList;
			buildConfigurations = (
				1DC5D7D62222AFE00015530F /* Debug */,
				1DC5D7D72222AFE00015530F /* Release */,
			);
			defaultConfigurationIsVisible = 0;
			defaultConfigurationName = Release;
		};
/* End XCConfigurationList section */
	};
	rootObject = 1DC5D7BB2222AFE00015530F /* Project object */;
}
